
Microsoft Visual Studio Solution File, Format Version 12.00
# Visual Studio 2013
VisualStudioVersion = 12.0.30501.0
MinimumVisualStudioVersion = 10.0.40219.1
Project("{FAE04EC0-301F-11D3-BF4B-00C04F79EFBC}") = "企业人力资源管理系统", "企业人力资源管理系统\企业人力资源管理系统.csproj", "{93D6D4BA-0D36-4CDB-B978-4430C5DF6574}"
EndProject
Project("{FAE04EC0-301F-11D3-BF4B-00C04F79EFBC}") = "BLL", "BLL\BLL.csproj", "{D1978A60-D778-4EA4-AC19-3EC9F55230D5}"
EndProject
Global
	GlobalSection(SolutionConfigurationPlatforms) = preSolution
		Debug|Any CPU = Debug|Any CPU
		Release|Any CPU = Release|Any CPU
	EndGlobalSection
	GlobalSection(ProjectConfigurationPlatforms) = postSolution
		{93D6D4BA-0D36-4CDB-B978-4430C5DF6574}.Debug|Any CPU.ActiveCfg = Debug|Any CPU
		{93D6D4BA-0D36-4CDB-B978-4430C5DF6574}.Debug|Any CPU.Build.0 = Debug|Any CPU
		{93D6D4BA-0D36-4CDB-B978-4430C5DF6574}.Release|Any CPU.ActiveCfg = Release|Any CPU
		{93D6D4BA-0D36-4CDB-B978-4430C5DF6574}.Release|Any CPU.Build.0 = Release|Any CPU
		{D1978A60-D778-4EA4-AC19-3EC9F55230D5}.Debug|Any CPU.ActiveCfg = Debug|Any CPU
		{D1978A60-D778-4EA4-AC19-3EC9F55230D5}.Debug|Any CPU.Build.0 = Debug|Any CPU
		{D1978A60-D778-4EA4-AC19-3EC9F55230D5}.Release|Any CPU.ActiveCfg = Release|Any CPU
		{D1978A60-D778-4EA4-AC19-3EC9F55230D5}.Release|Any CPU.Build.0 = Release|Any CPU
	EndGlobalSection
	GlobalSection(SolutionProperties) = preSolution
		HideSolutionNode = FALSE
	EndGlobalSection
EndGlobal
